{
  "name": "MediScanner",
  "lockfileVersion": 3,
  "requires": true,
  "packages": {
    "": {
      "dependencies": {
        "paddlepaddle": "^1.0.5"
      }
    },
    "node_modules/paddlepaddle": {
      "version": "1.0.5",
      "resolved": "https://registry.npmjs.org/paddlepaddle/-/paddlepaddle-1.0.5.tgz",
      "integrity": "sha512-JjAld9L+C+6IWBvSRNbGI7CL1OiPlzuI6D68j1hqSwKyGlq0JTUP+suhOIxZv0ymqYhWsrby9OaFWl4cToqzfA=="
    }
  }
}
